// !$*UTF8*$!
{
	archiveVersion = 1;
	classes = {
	};
	objectVersion = 46;
	objects = {

/* Begin PBXBuildFile section */
		2459D97D175F3E3900D2D14D /* RBSScreen.m in Sources */ = {isa = PBXBuildFile; fileRef = 2459D97C175F3E3900D2D14D /* RBSScreen.m */; };
		2459D97F175F4BD900D2D14D /* QuartzCore.framework in Frameworks */ = {isa = PBXBuildFile; fileRef = 2459D97E175F4BD800D2D14D /* QuartzCore.framework */; };
		2459D9A9175F586C00D2D14D /* MWCaptionView.m in Sources */ = {isa = PBXBuildFile; fileRef = 2459D983175F586C00D2D14D /* MWCaptionView.m */; settings = {COMPILER_FLAGS = "-fno-objc-arc -Wno-deprecated"; }; };
		2459D9AA175F586C00D2D14D /* MWPhoto.m in Sources */ = {isa = PBXBuildFile; fileRef = 2459D985175F586C00D2D14D /* MWPhoto.m */; settings = {COMPILER_FLAGS = "-fno-objc-arc"; }; };
		2459D9AB175F586C00D2D14D /* MWPhotoBrowser.m in Sources */ = {isa = PBXBuildFile; fileRef = 2459D987175F586C00D2D14D /* MWPhotoBrowser.m */; settings = {COMPILER_FLAGS = "-fno-objc-arc -Wno-deprecated"; }; };
		2459D9AC175F586C00D2D14D /* MWTapDetectingImageView.m in Sources */ = {isa = PBXBuildFile; fileRef = 2459D98A175F586C00D2D14D /* MWTapDetectingImageView.m */; settings = {COMPILER_FLAGS = "-fno-objc-arc"; }; };
		2459D9AD175F586C00D2D14D /* MWTapDetectingView.m in Sources */ = {isa = PBXBuildFile; fileRef = 2459D98C175F586C00D2D14D /* MWTapDetectingView.m */; settings = {COMPILER_FLAGS = "-fno-objc-arc"; }; };
		2459D9AE175F586C00D2D14D /* MWZoomingScrollView.m in Sources */ = {isa = PBXBuildFile; fileRef = 2459D98E175F586C00D2D14D /* MWZoomingScrollView.m */; settings = {COMPILER_FLAGS = "-fno-objc-arc"; }; };
		2459D9AF175F586C00D2D14D /* MBProgressHUD.m in Sources */ = {isa = PBXBuildFile; fileRef = 2459D992175F586C00D2D14D /* MBProgressHUD.m */; settings = {COMPILER_FLAGS = "-fno-objc-arc -Wno-deprecated"; }; };
		2459D9B0175F586C00D2D14D /* README.mdown in Resources */ = {isa = PBXBuildFile; fileRef = 2459D993175F586C00D2D14D /* README.mdown */; };
		2459D9B1175F586C00D2D14D /* LICENSE in Resources */ = {isa = PBXBuildFile; fileRef = 2459D995175F586C00D2D14D /* LICENSE */; };
		2459D9B2175F586C00D2D14D /* README.md in Resources */ = {isa = PBXBuildFile; fileRef = 2459D996175F586C00D2D14D /* README.md */; };
		2459D9B3175F586C00D2D14D /* SDImageCache.m in Sources */ = {isa = PBXBuildFile; fileRef = 2459D998175F586C00D2D14D /* SDImageCache.m */; settings = {COMPILER_FLAGS = "-fno-objc-arc"; }; };
		2459D9B4175F586C00D2D14D /* SDWebImageDecoder.m in Sources */ = {isa = PBXBuildFile; fileRef = 2459D99C175F586C00D2D14D /* SDWebImageDecoder.m */; settings = {COMPILER_FLAGS = "-fno-objc-arc"; }; };
		2459D9B5175F586C00D2D14D /* SDWebImageDownloader.m in Sources */ = {isa = PBXBuildFile; fileRef = 2459D99E175F586C00D2D14D /* SDWebImageDownloader.m */; settings = {COMPILER_FLAGS = "-fno-objc-arc"; }; };
		2459D9B6175F586C00D2D14D /* SDWebImageManager.m in Sources */ = {isa = PBXBuildFile; fileRef = 2459D9A1175F586C00D2D14D /* SDWebImageManager.m */; settings = {COMPILER_FLAGS = "-fno-objc-arc"; }; };
		2459D9B7175F586C00D2D14D /* SDWebImagePrefetcher.m in Sources */ = {isa = PBXBuildFile; fileRef = 2459D9A4175F586C00D2D14D /* SDWebImagePrefetcher.m */; settings = {COMPILER_FLAGS = "-fno-objc-arc"; }; };
		2459D9B8175F586C00D2D14D /* UIButton+WebCache.m in Sources */ = {isa = PBXBuildFile; fileRef = 2459D9A6175F586C00D2D14D /* UIButton+WebCache.m */; settings = {COMPILER_FLAGS = "-fno-objc-arc"; }; };
		2459D9B9175F586C00D2D14D /* UIImageView+WebCache.m in Sources */ = {isa = PBXBuildFile; fileRef = 2459D9A8175F586C00D2D14D /* UIImageView+WebCache.m */; settings = {COMPILER_FLAGS = "-fno-objc-arc"; }; };
		2459D9BB175F58EC00D2D14D /* ImageIO.framework in Frameworks */ = {isa = PBXBuildFile; fileRef = 2459D9BA175F58EC00D2D14D /* ImageIO.framework */; };
		2459D9BD175F58F400D2D14D /* MessageUI.framework in Frameworks */ = {isa = PBXBuildFile; fileRef = 2459D9BC175F58F400D2D14D /* MessageUI.framework */; };
		246274681768849A001D66EA /* MWPhotoBrowser.bundle in Resources */ = {isa = PBXBuildFile; fileRef = 246274671768849A001D66EA /* MWPhotoBrowser.bundle */; };
		24998F4C1760B79100C4F931 /* RBSFrame.m in Sources */ = {isa = PBXBuildFile; fileRef = 24998F4B1760B79100C4F931 /* RBSFrame.m */; };
		24D90F731765F44F00D7F0CA /* RBSComic+Loading.m in Sources */ = {isa = PBXBuildFile; fileRef = 24D90F721765F44F00D7F0CA /* RBSComic+Loading.m */; };
		24FE6C10175DE8FB007A6533 /* UIKit.framework in Frameworks */ = {isa = PBXBuildFile; fileRef = 24FE6C0F175DE8FB007A6533 /* UIKit.framework */; };
		24FE6C12175DE8FB007A6533 /* Foundation.framework in Frameworks */ = {isa = PBXBuildFile; fileRef = 24FE6C11175DE8FB007A6533 /* Foundation.framework */; };
		24FE6C14175DE8FB007A6533 /* CoreGraphics.framework in Frameworks */ = {isa = PBXBuildFile; fileRef = 24FE6C13175DE8FB007A6533 /* CoreGraphics.framework */; };
		24FE6C1A175DE8FB007A6533 /* InfoPlist.strings in Resources */ = {isa = PBXBuildFile; fileRef = 24FE6C18175DE8FB007A6533 /* InfoPlist.strings */; };
		24FE6C1C175DE8FB007A6533 /* main.m in Sources */ = {isa = PBXBuildFile; fileRef = 24FE6C1B175DE8FB007A6533 /* main.m */; };
		24FE6C20175DE8FB007A6533 /* RBSAppDelegate.m in Sources */ = {isa = PBXBuildFile; fileRef = 24FE6C1F175DE8FB007A6533 /* RBSAppDelegate.m */; };
		24FE6C22175DE8FB007A6533 /* Default.png in Resources */ = {isa = PBXBuildFile; fileRef = 24FE6C21175DE8FB007A6533 /* Default.png */; };
		24FE6C24175DE8FB007A6533 /* Default@2x.png in Resources */ = {isa = PBXBuildFile; fileRef = 24FE6C23175DE8FB007A6533 /* Default@2x.png */; };
		24FE6C26175DE8FB007A6533 /* Default-568h@2x.png in Resources */ = {isa = PBXBuildFile; fileRef = 24FE6C25175DE8FB007A6533 /* Default-568h@2x.png */; };
		24FE6C29175DE8FB007A6533 /* MainStoryboard.storyboard in Resources */ = {isa = PBXBuildFile; fileRef = 24FE6C27175DE8FB007A6533 /* MainStoryboard.storyboard */; };
		24FE6C2C175DE8FB007A6533 /* RBSIndexController.m in Sources */ = {isa = PBXBuildFile; fileRef = 24FE6C2B175DE8FB007A6533 /* RBSIndexController.m */; };
		24FE6C46175E023D007A6533 /* RBSComic.m in Sources */ = {isa = PBXBuildFile; fileRef = 24FE6C45175E023D007A6533 /* RBSComic.m */; };
		24FE6C48175E0A66007A6533 /* MobileCoreServices.framework in Frameworks */ = {isa = PBXBuildFile; fileRef = 24FE6C47175E0A66007A6533 /* MobileCoreServices.framework */; };
		7C214705C7E349419643A7D2 /* libPods.a in Frameworks */ = {isa = PBXBuildFile; fileRef = D900F93E529A4AB8A2446715 /* libPods.a */; };
/* End PBXBuildFile section */

/* Begin PBXFileReference section */
		00EF024EB101420F95ACE22E /* Pods.xcconfig */ = {isa = PBXFileReference; includeInIndex = 1; lastKnownFileType = text.xcconfig; name = Pods.xcconfig; path = Pods/Pods.xcconfig; sourceTree = SOURCE_ROOT; };
		2459D97B175F3E3900D2D14D /* RBSScreen.h */ = {isa = PBXFileReference; fileEncoding = 4; lastKnownFileType = sourcecode.c.h; path = RBSScreen.h; sourceTree = "<group>"; };
		2459D97C175F3E3900D2D14D /* RBSScreen.m */ = {isa = PBXFileReference; fileEncoding = 4; lastKnownFileType = sourcecode.c.objc; path = RBSScreen.m; sourceTree = "<group>"; };
		2459D97E175F4BD800D2D14D /* QuartzCore.framework */ = {isa = PBXFileReference; lastKnownFileType = wrapper.framework; name = QuartzCore.framework; path = System/Library/Frameworks/QuartzCore.framework; sourceTree = SDKROOT; };
		2459D982175F586C00D2D14D /* MWCaptionView.h */ = {isa = PBXFileReference; fileEncoding = 4; lastKnownFileType = sourcecode.c.h; path = MWCaptionView.h; sourceTree = "<group>"; };
		2459D983175F586C00D2D14D /* MWCaptionView.m */ = {isa = PBXFileReference; fileEncoding = 4; lastKnownFileType = sourcecode.c.objc; path = MWCaptionView.m; sourceTree = "<group>"; };
		2459D984175F586C00D2D14D /* MWPhoto.h */ = {isa = PBXFileReference; fileEncoding = 4; lastKnownFileType = sourcecode.c.h; path = MWPhoto.h; sourceTree = "<group>"; };
		2459D985175F586C00D2D14D /* MWPhoto.m */ = {isa = PBXFileReference; fileEncoding = 4; lastKnownFileType = sourcecode.c.objc; path = MWPhoto.m; sourceTree = "<group>"; };
		2459D986175F586C00D2D14D /* MWPhotoBrowser.h */ = {isa = PBXFileReference; fileEncoding = 4; lastKnownFileType = sourcecode.c.h; path = MWPhotoBrowser.h; sourceTree = "<group>"; };
		2459D987175F586C00D2D14D /* MWPhotoBrowser.m */ = {isa = PBXFileReference; fileEncoding = 4; lastKnownFileType = sourcecode.c.objc; path = MWPhotoBrowser.m; sourceTree = "<group>"; };
		2459D988175F586C00D2D14D /* MWPhotoProtocol.h */ = {isa = PBXFileReference; fileEncoding = 4; lastKnownFileType = sourcecode.c.h; path = MWPhotoProtocol.h; sourceTree = "<group>"; };
		2459D989175F586C00D2D14D /* MWTapDetectingImageView.h */ = {isa = PBXFileReference; fileEncoding = 4; lastKnownFileType = sourcecode.c.h; path = MWTapDetectingImageView.h; sourceTree = "<group>"; };
		2459D98A175F586C00D2D14D /* MWTapDetectingImageView.m */ = {isa = PBXFileReference; fileEncoding = 4; lastKnownFileType = sourcecode.c.objc; path = MWTapDetectingImageView.m; sourceTree = "<group>"; };
		2459D98B175F586C00D2D14D /* MWTapDetectingView.h */ = {isa = PBXFileReference; fileEncoding = 4; lastKnownFileType = sourcecode.c.h; path = MWTapDetectingView.h; sourceTree = "<group>"; };
		2459D98C175F586C00D2D14D /* MWTapDetectingView.m */ = {isa = PBXFileReference; fileEncoding = 4; lastKnownFileType = sourcecode.c.objc; path = MWTapDetectingView.m; sourceTree = "<group>"; };
		2459D98D175F586C00D2D14D /* MWZoomingScrollView.h */ = {isa = PBXFileReference; fileEncoding = 4; lastKnownFileType = sourcecode.c.h; path = MWZoomingScrollView.h; sourceTree = "<group>"; };
		2459D98E175F586C00D2D14D /* MWZoomingScrollView.m */ = {isa = PBXFileReference; fileEncoding = 4; lastKnownFileType = sourcecode.c.objc; path = MWZoomingScrollView.m; sourceTree = "<group>"; };
		2459D991175F586C00D2D14D /* MBProgressHUD.h */ = {isa = PBXFileReference; fileEncoding = 4; lastKnownFileType = sourcecode.c.h; path = MBProgressHUD.h; sourceTree = "<group>"; };
		2459D992175F586C00D2D14D /* MBProgressHUD.m */ = {isa = PBXFileReference; fileEncoding = 4; lastKnownFileType = sourcecode.c.objc; path = MBProgressHUD.m; sourceTree = "<group>"; };
		2459D993175F586C00D2D14D /* README.mdown */ = {isa = PBXFileReference; fileEncoding = 4; lastKnownFileType = text; path = README.mdown; sourceTree = "<group>"; };
		2459D995175F586C00D2D14D /* LICENSE */ = {isa = PBXFileReference; fileEncoding = 4; lastKnownFileType = text; path = LICENSE; sourceTree = "<group>"; };
		2459D996175F586C00D2D14D /* README.md */ = {isa = PBXFileReference; fileEncoding = 4; lastKnownFileType = text; path = README.md; sourceTree = "<group>"; };
		2459D997175F586C00D2D14D /* SDImageCache.h */ = {isa = PBXFileReference; fileEncoding = 4; lastKnownFileType = sourcecode.c.h; path = SDImageCache.h; sourceTree = "<group>"; };
		2459D998175F586C00D2D14D /* SDImageCache.m */ = {isa = PBXFileReference; fileEncoding = 4; lastKnownFileType = sourcecode.c.objc; path = SDImageCache.m; sourceTree = "<group>"; };
		2459D999175F586C00D2D14D /* SDImageCacheDelegate.h */ = {isa = PBXFileReference; fileEncoding = 4; lastKnownFileType = sourcecode.c.h; path = SDImageCacheDelegate.h; sourceTree = "<group>"; };
		2459D99A175F586C00D2D14D /* SDWebImageCompat.h */ = {isa = PBXFileReference; fileEncoding = 4; lastKnownFileType = sourcecode.c.h; path = SDWebImageCompat.h; sourceTree = "<group>"; };
		2459D99B175F586C00D2D14D /* SDWebImageDecoder.h */ = {isa = PBXFileReference; fileEncoding = 4; lastKnownFileType = sourcecode.c.h; path = SDWebImageDecoder.h; sourceTree = "<group>"; };
		2459D99C175F586C00D2D14D /* SDWebImageDecoder.m */ = {isa = PBXFileReference; fileEncoding = 4; lastKnownFileType = sourcecode.c.objc; path = SDWebImageDecoder.m; sourceTree = "<group>"; };
		2459D99D175F586C00D2D14D /* SDWebImageDownloader.h */ = {isa = PBXFileReference; fileEncoding = 4; lastKnownFileType = sourcecode.c.h; path = SDWebImageDownloader.h; sourceTree = "<group>"; };
		2459D99E175F586C00D2D14D /* SDWebImageDownloader.m */ = {isa = PBXFileReference; fileEncoding = 4; lastKnownFileType = sourcecode.c.objc; path = SDWebImageDownloader.m; sourceTree = "<group>"; };
		2459D99F175F586C00D2D14D /* SDWebImageDownloaderDelegate.h */ = {isa = PBXFileReference; fileEncoding = 4; lastKnownFileType = sourcecode.c.h; path = SDWebImageDownloaderDelegate.h; sourceTree = "<group>"; };
		2459D9A0175F586C00D2D14D /* SDWebImageManager.h */ = {isa = PBXFileReference; fileEncoding = 4; lastKnownFileType = sourcecode.c.h; path = SDWebImageManager.h; sourceTree = "<group>"; };
		2459D9A1175F586C00D2D14D /* SDWebImageManager.m */ = {isa = PBXFileReference; fileEncoding = 4; lastKnownFileType = sourcecode.c.objc; path = SDWebImageManager.m; sourceTree = "<group>"; };
		2459D9A2175F586C00D2D14D /* SDWebImageManagerDelegate.h */ = {isa = PBXFileReference; fileEncoding = 4; lastKnownFileType = sourcecode.c.h; path = SDWebImageManagerDelegate.h; sourceTree = "<group>"; };
		2459D9A3175F586C00D2D14D /* SDWebImagePrefetcher.h */ = {isa = PBXFileReference; fileEncoding = 4; lastKnownFileType = sourcecode.c.h; path = SDWebImagePrefetcher.h; sourceTree = "<group>"; };
		2459D9A4175F586C00D2D14D /* SDWebImagePrefetcher.m */ = {isa = PBXFileReference; fileEncoding = 4; lastKnownFileType = sourcecode.c.objc; path = SDWebImagePrefetcher.m; sourceTree = "<group>"; };
		2459D9A5175F586C00D2D14D /* UIButton+WebCache.h */ = {isa = PBXFileReference; fileEncoding = 4; lastKnownFileType = sourcecode.c.h; path = "UIButton+WebCache.h"; sourceTree = "<group>"; };
		2459D9A6175F586C00D2D14D /* UIButton+WebCache.m */ = {isa = PBXFileReference; fileEncoding = 4; lastKnownFileType = sourcecode.c.objc; path = "UIButton+WebCache.m"; sourceTree = "<group>"; };
		2459D9A7175F586C00D2D14D /* UIImageView+WebCache.h */ = {isa = PBXFileReference; fileEncoding = 4; lastKnownFileType = sourcecode.c.h; path = "UIImageView+WebCache.h"; sourceTree = "<group>"; };
		2459D9A8175F586C00D2D14D /* UIImageView+WebCache.m */ = {isa = PBXFileReference; fileEncoding = 4; lastKnownFileType = sourcecode.c.objc; path = "UIImageView+WebCache.m"; sourceTree = "<group>"; };
		2459D9BA175F58EC00D2D14D /* ImageIO.framework */ = {isa = PBXFileReference; lastKnownFileType = wrapper.framework; name = ImageIO.framework; path = System/Library/Frameworks/ImageIO.framework; sourceTree = SDKROOT; };
		2459D9BC175F58F400D2D14D /* MessageUI.framework */ = {isa = PBXFileReference; lastKnownFileType = wrapper.framework; name = MessageUI.framework; path = System/Library/Frameworks/MessageUI.framework; sourceTree = SDKROOT; };
		246274671768849A001D66EA /* MWPhotoBrowser.bundle */ = {isa = PBXFileReference; lastKnownFileType = "wrapper.plug-in"; path = MWPhotoBrowser.bundle; sourceTree = "<group>"; };
		24998F4A1760B79100C4F931 /* RBSFrame.h */ = {isa = PBXFileReference; fileEncoding = 4; lastKnownFileType = sourcecode.c.h; path = RBSFrame.h; sourceTree = "<group>"; };
		24998F4B1760B79100C4F931 /* RBSFrame.m */ = {isa = PBXFileReference; fileEncoding = 4; lastKnownFileType = sourcecode.c.objc; path = RBSFrame.m; sourceTree = "<group>"; };
		24D90F711765F44F00D7F0CA /* RBSComic+Loading.h */ = {isa = PBXFileReference; fileEncoding = 4; lastKnownFileType = sourcecode.c.h; path = "RBSComic+Loading.h"; sourceTree = "<group>"; };
		24D90F721765F44F00D7F0CA /* RBSComic+Loading.m */ = {isa = PBXFileReference; fileEncoding = 4; lastKnownFileType = sourcecode.c.objc; path = "RBSComic+Loading.m"; sourceTree = "<group>"; };
		24FE6C0C175DE8FB007A6533 /* ComicReader.app */ = {isa = PBXFileReference; explicitFileType = wrapper.application; includeInIndex = 0; path = ComicReader.app; sourceTree = BUILT_PRODUCTS_DIR; };
		24FE6C0F175DE8FB007A6533 /* UIKit.framework */ = {isa = PBXFileReference; lastKnownFileType = wrapper.framework; name = UIKit.framework; path = System/Library/Frameworks/UIKit.framework; sourceTree = SDKROOT; };
		24FE6C11175DE8FB007A6533 /* Foundation.framework */ = {isa = PBXFileReference; lastKnownFileType = wrapper.framework; name = Foundation.framework; path = System/Library/Frameworks/Foundation.framework; sourceTree = SDKROOT; };
		24FE6C13175DE8FB007A6533 /* CoreGraphics.framework */ = {isa = PBXFileReference; lastKnownFileType = wrapper.framework; name = CoreGraphics.framework; path = System/Library/Frameworks/CoreGraphics.framework; sourceTree = SDKROOT; };
		24FE6C17175DE8FB007A6533 /* ComicReader-Info.plist */ = {isa = PBXFileReference; lastKnownFileType = text.plist.xml; path = "ComicReader-Info.plist"; sourceTree = "<group>"; };
		24FE6C19175DE8FB007A6533 /* en */ = {isa = PBXFileReference; lastKnownFileType = text.plist.strings; name = en; path = en.lproj/InfoPlist.strings; sourceTree = "<group>"; };
		24FE6C1B175DE8FB007A6533 /* main.m */ = {isa = PBXFileReference; lastKnownFileType = sourcecode.c.objc; path = main.m; sourceTree = "<group>"; };
		24FE6C1D175DE8FB007A6533 /* ComicReader-Prefix.pch */ = {isa = PBXFileReference; lastKnownFileType = sourcecode.c.h; path = "ComicReader-Prefix.pch"; sourceTree = "<group>"; };
		24FE6C1E175DE8FB007A6533 /* RBSAppDelegate.h */ = {isa = PBXFileReference; lastKnownFileType = sourcecode.c.h; path = RBSAppDelegate.h; sourceTree = "<group>"; };
		24FE6C1F175DE8FB007A6533 /* RBSAppDelegate.m */ = {isa = PBXFileReference; lastKnownFileType = sourcecode.c.objc; path = RBSAppDelegate.m; sourceTree = "<group>"; };
		24FE6C21175DE8FB007A6533 /* Default.png */ = {isa = PBXFileReference; lastKnownFileType = image.png; path = Default.png; sourceTree = "<group>"; };
		24FE6C23175DE8FB007A6533 /* Default@2x.png */ = {isa = PBXFileReference; lastKnownFileType = image.png; path = "Default@2x.png"; sourceTree = "<group>"; };
		24FE6C25175DE8FB007A6533 /* Default-568h@2x.png */ = {isa = PBXFileReference; lastKnownFileType = image.png; path = "Default-568h@2x.png"; sourceTree = "<group>"; };
		24FE6C28175DE8FB007A6533 /* en */ = {isa = PBXFileReference; lastKnownFileType = file.storyboard; name = en; path = en.lproj/MainStoryboard.storyboard; sourceTree = "<group>"; };
		24FE6C2A175DE8FB007A6533 /* RBSIndexController.h */ = {isa = PBXFileReference; lastKnownFileType = sourcecode.c.h; path = RBSIndexController.h; sourceTree = "<group>"; };
		24FE6C2B175DE8FB007A6533 /* RBSIndexController.m */ = {isa = PBXFileReference; lastKnownFileType = sourcecode.c.objc; path = RBSIndexController.m; sourceTree = "<group>"; };
		24FE6C44175E023D007A6533 /* RBSComic.h */ = {isa = PBXFileReference; fileEncoding = 4; lastKnownFileType = sourcecode.c.h; path = RBSComic.h; sourceTree = "<group>"; };
		24FE6C45175E023D007A6533 /* RBSComic.m */ = {isa = PBXFileReference; fileEncoding = 4; lastKnownFileType = sourcecode.c.objc; path = RBSComic.m; sourceTree = "<group>"; };
		24FE6C47175E0A66007A6533 /* MobileCoreServices.framework */ = {isa = PBXFileReference; lastKnownFileType = wrapper.framework; name = MobileCoreServices.framework; path = System/Library/Frameworks/MobileCoreServices.framework; sourceTree = SDKROOT; };
		D900F93E529A4AB8A2446715 /* libPods.a */ = {isa = PBXFileReference; explicitFileType = archive.ar; includeInIndex = 0; path = libPods.a; sourceTree = BUILT_PRODUCTS_DIR; };
/* End PBXFileReference section */

/* Begin PBXFrameworksBuildPhase section */
		24FE6C09175DE8FB007A6533 /* Frameworks */ = {
			isa = PBXFrameworksBuildPhase;
			buildActionMask = 2147483647;
			files = (
				2459D9BD175F58F400D2D14D /* MessageUI.framework in Frameworks */,
				2459D9BB175F58EC00D2D14D /* ImageIO.framework in Frameworks */,
				2459D97F175F4BD900D2D14D /* QuartzCore.framework in Frameworks */,
				24FE6C48175E0A66007A6533 /* MobileCoreServices.framework in Frameworks */,
				24FE6C10175DE8FB007A6533 /* UIKit.framework in Frameworks */,
				24FE6C12175DE8FB007A6533 /* Foundation.framework in Frameworks */,
				24FE6C14175DE8FB007A6533 /* CoreGraphics.framework in Frameworks */,
				7C214705C7E349419643A7D2 /* libPods.a in Frameworks */,
			);
			runOnlyForDeploymentPostprocessing = 0;
		};
/* End PBXFrameworksBuildPhase section */

/* Begin PBXGroup section */
		2459D980175F586C00D2D14D /* MWPhotoBrowser */ = {
			isa = PBXGroup;
			children = (
				2459D981175F586C00D2D14D /* Classes */,
				2459D98F175F586C00D2D14D /* Libraries */,
				246274671768849A001D66EA /* MWPhotoBrowser.bundle */,
			);
			path = MWPhotoBrowser;
			sourceTree = "<group>";
		};
		2459D981175F586C00D2D14D /* Classes */ = {
			isa = PBXGroup;
			children = (
				2459D982175F586C00D2D14D /* MWCaptionView.h */,
				2459D983175F586C00D2D14D /* MWCaptionView.m */,
				2459D984175F586C00D2D14D /* MWPhoto.h */,
				2459D985175F586C00D2D14D /* MWPhoto.m */,
				2459D986175F586C00D2D14D /* MWPhotoBrowser.h */,
				2459D987175F586C00D2D14D /* MWPhotoBrowser.m */,
				2459D988175F586C00D2D14D /* MWPhotoProtocol.h */,
				2459D989175F586C00D2D14D /* MWTapDetectingImageView.h */,
				2459D98A175F586C00D2D14D /* MWTapDetectingImageView.m */,
				2459D98B175F586C00D2D14D /* MWTapDetectingView.h */,
				2459D98C175F586C00D2D14D /* MWTapDetectingView.m */,
				2459D98D175F586C00D2D14D /* MWZoomingScrollView.h */,
				2459D98E175F586C00D2D14D /* MWZoomingScrollView.m */,
			);
			path = Classes;
			sourceTree = "<group>";
		};
		2459D98F175F586C00D2D14D /* Libraries */ = {
			isa = PBXGroup;
			children = (
				2459D990175F586C00D2D14D /* MBProgressHUD */,
				2459D994175F586C00D2D14D /* SDWebImage */,
			);
			path = Libraries;
			sourceTree = "<group>";
		};
		2459D990175F586C00D2D14D /* MBProgressHUD */ = {
			isa = PBXGroup;
			children = (
				2459D991175F586C00D2D14D /* MBProgressHUD.h */,
				2459D992175F586C00D2D14D /* MBProgressHUD.m */,
				2459D993175F586C00D2D14D /* README.mdown */,
			);
			path = MBProgressHUD;
			sourceTree = "<group>";
		};
		2459D994175F586C00D2D14D /* SDWebImage */ = {
			isa = PBXGroup;
			children = (
				2459D995175F586C00D2D14D /* LICENSE */,
				2459D996175F586C00D2D14D /* README.md */,
				2459D997175F586C00D2D14D /* SDImageCache.h */,
				2459D998175F586C00D2D14D /* SDImageCache.m */,
				2459D999175F586C00D2D14D /* SDImageCacheDelegate.h */,
				2459D99A175F586C00D2D14D /* SDWebImageCompat.h */,
				2459D99B175F586C00D2D14D /* SDWebImageDecoder.h */,
				2459D99C175F586C00D2D14D /* SDWebImageDecoder.m */,
				2459D99D175F586C00D2D14D /* SDWebImageDownloader.h */,
				2459D99E175F586C00D2D14D /* SDWebImageDownloader.m */,
				2459D99F175F586C00D2D14D /* SDWebImageDownloaderDelegate.h */,
				2459D9A0175F586C00D2D14D /* SDWebImageManager.h */,
				2459D9A1175F586C00D2D14D /* SDWebImageManager.m */,
				2459D9A2175F586C00D2D14D /* SDWebImageManagerDelegate.h */,
				2459D9A3175F586C00D2D14D /* SDWebImagePrefetcher.h */,
				2459D9A4175F586C00D2D14D /* SDWebImagePrefetcher.m */,
				2459D9A5175F586C00D2D14D /* UIButton+WebCache.h */,
				2459D9A6175F586C00D2D14D /* UIButton+WebCache.m */,
				2459D9A7175F586C00D2D14D /* UIImageView+WebCache.h */,
				2459D9A8175F586C00D2D14D /* UIImageView+WebCache.m */,
			);
			path = SDWebImage;
			sourceTree = "<group>";
		};
		24998F491760B77C00C4F931 /* Models */ = {
			isa = PBXGroup;
			children = (
				24FE6C44175E023D007A6533 /* RBSComic.h */,
				24FE6C45175E023D007A6533 /* RBSComic.m */,
				24998F4A1760B79100C4F931 /* RBSFrame.h */,
				24998F4B1760B79100C4F931 /* RBSFrame.m */,
				2459D97B175F3E3900D2D14D /* RBSScreen.h */,
				2459D97C175F3E3900D2D14D /* RBSScreen.m */,
				24D90F711765F44F00D7F0CA /* RBSComic+Loading.h */,
				24D90F721765F44F00D7F0CA /* RBSComic+Loading.m */,
			);
			name = Models;
			sourceTree = "<group>";
		};
		24FE6C03175DE8FB007A6533 = {
			isa = PBXGroup;
			children = (
				24FE6C15175DE8FB007A6533 /* ComicReader */,
				2459D980175F586C00D2D14D /* MWPhotoBrowser */,
				24FE6C0E175DE8FB007A6533 /* Frameworks */,
				24FE6C0D175DE8FB007A6533 /* Products */,
				00EF024EB101420F95ACE22E /* Pods.xcconfig */,
			);
			sourceTree = "<group>";
		};
		24FE6C0D175DE8FB007A6533 /* Products */ = {
			isa = PBXGroup;
			children = (
				24FE6C0C175DE8FB007A6533 /* ComicReader.app */,
			);
			name = Products;
			sourceTree = "<group>";
		};
		24FE6C0E175DE8FB007A6533 /* Frameworks */ = {
			isa = PBXGroup;
			children = (
				2459D9BC175F58F400D2D14D /* MessageUI.framework */,
				2459D9BA175F58EC00D2D14D /* ImageIO.framework */,
				2459D97E175F4BD800D2D14D /* QuartzCore.framework */,
				24FE6C47175E0A66007A6533 /* MobileCoreServices.framework */,
				24FE6C0F175DE8FB007A6533 /* UIKit.framework */,
				24FE6C11175DE8FB007A6533 /* Foundation.framework */,
				24FE6C13175DE8FB007A6533 /* CoreGraphics.framework */,
				D900F93E529A4AB8A2446715 /* libPods.a */,
			);
			name = Frameworks;
			sourceTree = "<group>";
		};
		24FE6C15175DE8FB007A6533 /* ComicReader */ = {
			isa = PBXGroup;
			children = (
				24998F491760B77C00C4F931 /* Models */,
				24FE6C1E175DE8FB007A6533 /* RBSAppDelegate.h */,
				24FE6C1F175DE8FB007A6533 /* RBSAppDelegate.m */,
				24FE6C2A175DE8FB007A6533 /* RBSIndexController.h */,
				24FE6C2B175DE8FB007A6533 /* RBSIndexController.m */,
				24FE6C27175DE8FB007A6533 /* MainStoryboard.storyboard */,
				24FE6C16175DE8FB007A6533 /* Supporting Files */,
			);
			path = ComicReader;
			sourceTree = "<group>";
		};
		24FE6C16175DE8FB007A6533 /* Supporting Files */ = {
			isa = PBXGroup;
			children = (
				24FE6C17175DE8FB007A6533 /* ComicReader-Info.plist */,
				24FE6C18175DE8FB007A6533 /* InfoPlist.strings */,
				24FE6C1B175DE8FB007A6533 /* main.m */,
				24FE6C1D175DE8FB007A6533 /* ComicReader-Prefix.pch */,
				24FE6C21175DE8FB007A6533 /* Default.png */,
				24FE6C23175DE8FB007A6533 /* Default@2x.png */,
				24FE6C25175DE8FB007A6533 /* Default-568h@2x.png */,
			);
			name = "Supporting Files";
			sourceTree = "<group>";
		};
/* End PBXGroup section */

/* Begin PBXNativeTarget section */
		24FE6C0B175DE8FB007A6533 /* ComicReader */ = {
			isa = PBXNativeTarget;
			buildConfigurationList = 24FE6C2F175DE8FB007A6533 /* Build configuration list for PBXNativeTarget "ComicReader" */;
			buildPhases = (
				09A4F9B1C0C340208C9C5DC9 /* Check Pods Manifest.lock */,
				24FE6C08175DE8FB007A6533 /* Sources */,
				24FE6C09175DE8FB007A6533 /* Frameworks */,
				24FE6C0A175DE8FB007A6533 /* Resources */,
				CC1C5115D8A2435AB15FB2D1 /* Copy Pods Resources */,
			);
			buildRules = (
			);
			dependencies = (
			);
			name = ComicReader;
			productName = ComicReader;
			productReference = 24FE6C0C175DE8FB007A6533 /* ComicReader.app */;
			productType = "com.apple.product-type.application";
		};
/* End PBXNativeTarget section */

/* Begin PBXProject section */
		24FE6C04175DE8FB007A6533 /* Project object */ = {
			isa = PBXProject;
			attributes = {
				CLASSPREFIX = RBS;
				LastUpgradeCheck = 0460;
				ORGANIZATIONNAME = "Rebased s.c.";
			};
			buildConfigurationList = 24FE6C07175DE8FB007A6533 /* Build configuration list for PBXProject "ComicReader" */;
			compatibilityVersion = "Xcode 3.2";
			developmentRegion = English;
			hasScannedForEncodings = 0;
			knownRegions = (
				en,
			);
			mainGroup = 24FE6C03175DE8FB007A6533;
			productRefGroup = 24FE6C0D175DE8FB007A6533 /* Products */;
			projectDirPath = "";
			projectRoot = "";
			targets = (
				24FE6C0B175DE8FB007A6533 /* ComicReader */,
			);
		};
/* End PBXProject section */

/* Begin PBXResourcesBuildPhase section */
		24FE6C0A175DE8FB007A6533 /* Resources */ = {
			isa = PBXResourcesBuildPhase;
			buildActionMask = 2147483647;
			files = (
				24FE6C1A175DE8FB007A6533 /* InfoPlist.strings in Resources */,
				24FE6C22175DE8FB007A6533 /* Default.png in Resources */,
				24FE6C24175DE8FB007A6533 /* Default@2x.png in Resources */,
				24FE6C26175DE8FB007A6533 /* Default-568h@2x.png in Resources */,
				24FE6C29175DE8FB007A6533 /* MainStoryboard.storyboard in Resources */,
				2459D9B0175F586C00D2D14D /* README.mdown in Resources */,
				2459D9B1175F586C00D2D14D /* LICENSE in Resources */,
				2459D9B2175F586C00D2D14D /* README.md in Resources */,
				246274681768849A001D66EA /* MWPhotoBrowser.bundle in Resources */,
			);
			runOnlyForDeploymentPostprocessing = 0;
		};
/* End PBXResourcesBuildPhase section */

/* Begin PBXShellScriptBuildPhase section */
		09A4F9B1C0C340208C9C5DC9 /* Check Pods Manifest.lock */ = {
			isa = PBXShellScriptBuildPhase;
			buildActionMask = 2147483647;
			files = (
			);
			inputPaths = (
			);
			name = "Check Pods Manifest.lock";
			outputPaths = (
			);
			runOnlyForDeploymentPostprocessing = 0;
			shellPath = /bin/sh;
			shellScript = "diff \"${PODS_ROOT}/../Podfile.lock\" \"${PODS_ROOT}/Manifest.lock\" > /dev/null\nif [[ $? != 0 ]] ; then\n    cat << EOM\nerror: The sandbox is not in sync with the Podfile.lock. Run 'pod install' or update your CocoaPods installation.\nEOM\n    exit 1\nfi\n";
		};
		CC1C5115D8A2435AB15FB2D1 /* Copy Pods Resources */ = {
			isa = PBXShellScriptBuildPhase;
			buildActionMask = 2147483647;
			files = (
			);
			inputPaths = (
			);
			name = "Copy Pods Resources";
			outputPaths = (
			);
			runOnlyForDeploymentPostprocessing = 0;
			shellPath = /bin/sh;
			shellScript = "\"${SRCROOT}/Pods/Pods-resources.sh\"\n";
		};
/* End PBXShellScriptBuildPhase section */

/* Begin PBXSourcesBuildPhase section */
		24FE6C08175DE8FB007A6533 /* Sources */ = {
			isa = PBXSourcesBuildPhase;
			buildActionMask = 2147483647;
			files = (
				24FE6C1C175DE8FB007A6533 /* main.m in Sources */,
				24FE6C20175DE8FB007A6533 /* RBSAppDelegate.m in Sources */,
				24FE6C2C175DE8FB007A6533 /* RBSIndexController.m in Sources */,
				24FE6C46175E023D007A6533 /* RBSComic.m in Sources */,
				2459D97D175F3E3900D2D14D /* RBSScreen.m in Sources */,
				2459D9A9175F586C00D2D14D /* MWCaptionView.m in Sources */,
				2459D9AA175F586C00D2D14D /* MWPhoto.m in Sources */,
				2459D9AB175F586C00D2D14D /* MWPhotoBrowser.m in Sources */,
				2459D9AC175F586C00D2D14D /* MWTapDetectingImageView.m in Sources */,
				2459D9AD175F586C00D2D14D /* MWTapDetectingView.m in Sources */,
				2459D9AE175F586C00D2D14D /* MWZoomingScrollView.m in Sources */,
				2459D9AF175F586C00D2D14D /* MBProgressHUD.m in Sources */,
				2459D9B3175F586C00D2D14D /* SDImageCache.m in Sources */,
				2459D9B4175F586C00D2D14D /* SDWebImageDecoder.m in Sources */,
				2459D9B5175F586C00D2D14D /* SDWebImageDownloader.m in Sources */,
				2459D9B6175F586C00D2D14D /* SDWebImageManager.m in Sources */,
				2459D9B7175F586C00D2D14D /* SDWebImagePrefetcher.m in Sources */,
				2459D9B8175F586C00D2D14D /* UIButton+WebCache.m in Sources */,
				2459D9B9175F586C00D2D14D /* UIImageView+WebCache.m in Sources */,
				24998F4C1760B79100C4F931 /* RBSFrame.m in Sources */,
				24D90F731765F44F00D7F0CA /* RBSComic+Loading.m in Sources */,
			);
			runOnlyForDeploymentPostprocessing = 0;
		};
/* End PBXSourcesBuildPhase section */

/* Begin PBXVariantGroup section */
		24FE6C18175DE8FB007A6533 /* InfoPlist.strings */ = {
			isa = PBXVariantGroup;
			children = (
				24FE6C19175DE8FB007A6533 /* en */,
			);
			name = InfoPlist.strings;
			sourceTree = "<group>";
		};
		24FE6C27175DE8FB007A6533 /* MainStoryboard.storyboard */ = {
			isa = PBXVariantGroup;
			children = (
				24FE6C28175DE8FB007A6533 /* en */,
			);
			name = MainStoryboard.storyboard;
			sourceTree = "<group>";
		};
/* End PBXVariantGroup section */

/* Begin XCBuildConfiguration section */
		24FE6C2D175DE8FB007A6533 /* Debug */ = {
			isa = XCBuildConfiguration;
			buildSettings = {
				ALWAYS_SEARCH_USER_PATHS = NO;
				CLANG_CXX_LANGUAGE_STANDARD = "gnu++0x";
				CLANG_CXX_LIBRARY = "libc++";
				CLANG_ENABLE_OBJC_ARC = YES;
				CLANG_WARN_CONSTANT_CONVERSION = YES;
				CLANG_WARN_EMPTY_BODY = YES;
				CLANG_WARN_ENUM_CONVERSION = YES;
				CLANG_WARN_INT_CONVERSION = YES;
				CLANG_WARN__DUPLICATE_METHOD_MATCH = YES;
				"CODE_SIGN_IDENTITY[sdk=iphoneos*]" = "iPhone Developer";
				COPY_PHASE_STRIP = NO;
				GCC_C_LANGUAGE_STANDARD = gnu99;
				GCC_DYNAMIC_NO_PIC = NO;
				GCC_OPTIMIZATION_LEVEL = 0;
				GCC_PREPROCESSOR_DEFINITIONS = (
					"DEBUG=1",
					"$(inherited)",
				);
				GCC_SYMBOLS_PRIVATE_EXTERN = NO;
				GCC_WARN_ABOUT_RETURN_TYPE = YES;
				GCC_WARN_UNINITIALIZED_AUTOS = YES;
				GCC_WARN_UNUSED_VARIABLE = YES;
				IPHONEOS_DEPLOYMENT_TARGET = 6.1;
				ONLY_ACTIVE_ARCH = YES;
				SDKROOT = iphoneos;
			};
			name = Debug;
		};
		24FE6C2E175DE8FB007A6533 /* Release */ = {
			isa = XCBuildConfiguration;
			buildSettings = {
				ALWAYS_SEARCH_USER_PATHS = NO;
				CLANG_CXX_LANGUAGE_STANDARD = "gnu++0x";
				CLANG_CXX_LIBRARY = "libc++";
				CLANG_ENABLE_OBJC_ARC = YES;
				CLANG_WARN_CONSTANT_CONVERSION = YES;
				CLANG_WARN_EMPTY_BODY = YES;
				CLANG_WARN_ENUM_CONVERSION = YES;
				CLANG_WARN_INT_CONVERSION = YES;
				CLANG_WARN__DUPLICATE_METHOD_MATCH = YES;
				"CODE_SIGN_IDENTITY[sdk=iphoneos*]" = "iPhone Developer";
				COPY_PHASE_STRIP = YES;
				GCC_C_LANGUAGE_STANDARD = gnu99;
				GCC_WARN_ABOUT_RETURN_TYPE = YES;
				GCC_WARN_UNINITIALIZED_AUTOS = YES;
				GCC_WARN_UNUSED_VARIABLE = YES;
				IPHONEOS_DEPLOYMENT_TARGET = 6.1;
				OTHER_CFLAGS = "-DNS_BLOCK_ASSERTIONS=1";
				SDKROOT = iphoneos;
				VALIDATE_PRODUCT = YES;
			};
			name = Release;
		};
		24FE6C30175DE8FB007A6533 /* Debug */ = {
			isa = XCBuildConfiguration;
			baseConfigurationReference = 00EF024EB101420F95ACE22E /* Pods.xcconfig */;
			buildSettings = {
				GCC_PRECOMPILE_PREFIX_HEADER = YES;
				GCC_PREFIX_HEADER = "ComicReader/ComicReader-Prefix.pch";
				INFOPLIST_FILE = "ComicReader/ComicReader-Info.plist";
				PRODUCT_NAME = "$(TARGET_NAME)";
				WRAPPER_EXTENSION = app;
			};
			name = Debug;
		};
		24FE6C31175DE8FB007A6533 /* Release */ = {
			isa = XCBuildConfiguration;
			baseConfigurationReference = 00EF024EB101420F95ACE22E /* Pods.xcconfig */;
			buildSettings = {
				GCC_PRECOMPILE_PREFIX_HEADER = YES;
				GCC_PREFIX_HEADER = "ComicReader/ComicReader-Prefix.pch";
				INFOPLIST_FILE = "ComicReader/ComicReader-Info.plist";
				PRODUCT_NAME = "$(TARGET_NAME)";
				WRAPPER_EXTENSION = app;
			};
			name = Release;
		};
/* End XCBuildConfiguration section */

/* Begin XCConfigurationList section */
		24FE6C07175DE8FB007A6533 /* Build configuration list for PBXProject "ComicReader" */ = {
			isa = XCConfigurationList;
			buildConfigurations = (
				24FE6C2D175DE8FB007A6533 /* Debug */,
				24FE6C2E175DE8FB007A6533 /* Release */,
			);
			defaultConfigurationIsVisible = 0;
			defaultConfigurationName = Release;
		};
		24FE6C2F175DE8FB007A6533 /* Build configuration list for PBXNativeTarget "ComicReader" */ = {
			isa = XCConfigurationList;
			buildConfigurations = (
				24FE6C30175DE8FB007A6533 /* Debug */,
				24FE6C31175DE8FB007A6533 /* Release */,
			);
			defaultConfigurationIsVisible = 0;
			defaultConfigurationName = Release;
		};
/* End XCConfigurationList section */
	};
	rootObject = 24FE6C04175DE8FB007A6533 /* Project object */;
}
